
Microsoft Visual Studio Solution File, Format Version 12.00
# Visual Studio Version 17
VisualStudioVersion = 17.4.33103.184
MinimumVisualStudioVersion = 10.0.40219.1
Project("{FAE04EC0-301F-11D3-BF4B-00C04F79EFBC}") = "RegistraduriaBackenNetApiCore", "RegistraduriaBackenNetApiCore\RegistraduriaBackenNetApiCore.csproj", "{50D4CF91-16D6-4B47-8A98-40BFE81A25C0}"
EndProject
Global
	GlobalSection(SolutionConfigurationPlatforms) = preSolution
		Debug|Any CPU = Debug|Any CPU
		Release|Any CPU = Release|Any CPU
	EndGlobalSection
	GlobalSection(ProjectConfigurationPlatforms) = postSolution
		{50D4CF91-16D6-4B47-8A98-40BFE81A25C0}.Debug|Any CPU.ActiveCfg = Debug|Any CPU
		{50D4CF91-16D6-4B47-8A98-40BFE81A25C0}.Debug|Any CPU.Build.0 = Debug|Any CPU
		{50D4CF91-16D6-4B47-8A98-40BFE81A25C0}.Release|Any CPU.ActiveCfg = Release|Any CPU
		{50D4CF91-16D6-4B47-8A98-40BFE81A25C0}.Release|Any CPU.Build.0 = Release|Any CPU
	EndGlobalSection
	GlobalSection(SolutionProperties) = preSolution
		HideSolutionNode = FALSE
	EndGlobalSection
	GlobalSection(ExtensibilityGlobals) = postSolution
		SolutionGuid = {CBD01113-308D-4F86-8076-B202914FFCC8}
	EndGlobalSection
EndGlobal
